// !$*UTF8*$!
{
	archiveVersion = 1;
	classes = {
	};
	objectVersion = 48;
	objects = {

/* Begin PBXBuildFile section */
		521E19601FDAC59F00204F89 /* BorderButton.swift in Sources */ = {isa = PBXBuildFile; fileRef = 521E195F1FDAC59F00204F89 /* BorderButton.swift */; };
		525B6773200F8C1A00D8A631 /* LeagueVC.swift in Sources */ = {isa = PBXBuildFile; fileRef = 525B6772200F8C1A00D8A631 /* LeagueVC.swift */; };
		525B6775200F8C4D00D8A631 /* SkillVC.swift in Sources */ = {isa = PBXBuildFile; fileRef = 525B6774200F8C4D00D8A631 /* SkillVC.swift */; };
		529FB6EA1FDA94A00080E0E6 /* AppDelegate.swift in Sources */ = {isa = PBXBuildFile; fileRef = 529FB6E91FDA94A00080E0E6 /* AppDelegate.swift */; };
		529FB6EC1FDA94A00080E0E6 /* WelcomeVC.swift in Sources */ = {isa = PBXBuildFile; fileRef = 529FB6EB1FDA94A00080E0E6 /* WelcomeVC.swift */; };
		529FB6EF1FDA94A00080E0E6 /* Main.storyboard in Resources */ = {isa = PBXBuildFile; fileRef = 529FB6ED1FDA94A00080E0E6 /* Main.storyboard */; };
		529FB6F11FDA94A00080E0E6 /* Assets.xcassets in Resources */ = {isa = PBXBuildFile; fileRef = 529FB6F01FDA94A00080E0E6 /* Assets.xcassets */; };
		529FB6F41FDA94A00080E0E6 /* LaunchScreen.storyboard in Resources */ = {isa = PBXBuildFile; fileRef = 529FB6F21FDA94A00080E0E6 /* LaunchScreen.storyboard */; };
		52B0E7C92057F94E0097613A /* Player.swift in Sources */ = {isa = PBXBuildFile; fileRef = 52B0E7C82057F94E0097613A /* Player.swift */; };
/* End PBXBuildFile section */

/* Begin PBXFileReference section */
		521E195F1FDAC59F00204F89 /* BorderButton.swift */ = {isa = PBXFileReference; lastKnownFileType = sourcecode.swift; path = BorderButton.swift; sourceTree = "<group>"; };
		525B6772200F8C1A00D8A631 /* LeagueVC.swift */ = {isa = PBXFileReference; lastKnownFileType = sourcecode.swift; path = LeagueVC.swift; sourceTree = "<group>"; };
		525B6774200F8C4D00D8A631 /* SkillVC.swift */ = {isa = PBXFileReference; lastKnownFileType = sourcecode.swift; path = SkillVC.swift; sourceTree = "<group>"; };
		529FB6E61FDA94A00080E0E6 /* Swoosh.app */ = {isa = PBXFileReference; explicitFileType = wrapper.application; includeInIndex = 0; path = Swoosh.app; sourceTree = BUILT_PRODUCTS_DIR; };
		529FB6E91FDA94A00080E0E6 /* AppDelegate.swift */ = {isa = PBXFileReference; lastKnownFileType = sourcecode.swift; path = AppDelegate.swift; sourceTree = "<group>"; };
		529FB6EB1FDA94A00080E0E6 /* WelcomeVC.swift */ = {isa = PBXFileReference; lastKnownFileType = sourcecode.swift; path = WelcomeVC.swift; sourceTree = "<group>"; };
		529FB6EE1FDA94A00080E0E6 /* Base */ = {isa = PBXFileReference; lastKnownFileType = file.storyboard; name = Base; path = Base.lproj/Main.storyboard; sourceTree = "<group>"; };
		529FB6F01FDA94A00080E0E6 /* Assets.xcassets */ = {isa = PBXFileReference; lastKnownFileType = folder.assetcatalog; path = Assets.xcassets; sourceTree = "<group>"; };
		529FB6F31FDA94A00080E0E6 /* Base */ = {isa = PBXFileReference; lastKnownFileType = file.storyboard; name = Base; path = Base.lproj/LaunchScreen.storyboard; sourceTree = "<group>"; };
		529FB6F51FDA94A00080E0E6 /* Info.plist */ = {isa = PBXFileReference; lastKnownFileType = text.plist.xml; path = Info.plist; sourceTree = "<group>"; };
		52B0E7C82057F94E0097613A /* Player.swift */ = {isa = PBXFileReference; lastKnownFileType = sourcecode.swift; path = Player.swift; sourceTree = "<group>"; };
/* End PBXFileReference section */

/* Begin PBXFrameworksBuildPhase section */
		529FB6E31FDA94A00080E0E6 /* Frameworks */ = {
			isa = PBXFrameworksBuildPhase;
			buildActionMask = 2147483647;
			files = (
			);
			runOnlyForDeploymentPostprocessing = 0;
		};
/* End PBXFrameworksBuildPhase section */

/* Begin PBXGroup section */
		521E195C1FDA963D00204F89 /* Supporting Files */ = {
			isa = PBXGroup;
			children = (
				529FB6E91FDA94A00080E0E6 /* AppDelegate.swift */,
				529FB6F01FDA94A00080E0E6 /* Assets.xcassets */,
				529FB6F21FDA94A00080E0E6 /* LaunchScreen.storyboard */,
			);
			path = "Supporting Files";
			sourceTree = "<group>";
		};
		521E195D1FDA967100204F89 /* Storyboards */ = {
			isa = PBXGroup;
			children = (
				529FB6ED1FDA94A00080E0E6 /* Main.storyboard */,
			);
			path = Storyboards;
			sourceTree = "<group>";
		};
		521E195E1FDAC50F00204F89 /* View */ = {
			isa = PBXGroup;
			children = (
				521E195F1FDAC59F00204F89 /* BorderButton.swift */,
			);
			path = View;
			sourceTree = "<group>";
		};
		525B6770200F880900D8A631 /* Model */ = {
			isa = PBXGroup;
			children = (
				52B0E7C82057F94E0097613A /* Player.swift */,
			);
			path = Model;
			sourceTree = "<group>";
		};
		525B6771200F881400D8A631 /* Controller */ = {
			isa = PBXGroup;
			children = (
				529FB6EB1FDA94A00080E0E6 /* WelcomeVC.swift */,
				525B6772200F8C1A00D8A631 /* LeagueVC.swift */,
				525B6774200F8C4D00D8A631 /* SkillVC.swift */,
			);
			path = Controller;
			sourceTree = "<group>";
		};
		529FB6DD1FDA94A00080E0E6 = {
			isa = PBXGroup;
			children = (
				529FB6E81FDA94A00080E0E6 /* Swoosh */,
				529FB6E71FDA94A00080E0E6 /* Products */,
			);
			sourceTree = "<group>";
		};
		529FB6E71FDA94A00080E0E6 /* Products */ = {
			isa = PBXGroup;
			children = (
				529FB6E61FDA94A00080E0E6 /* Swoosh.app */,
			);
			name = Products;
			sourceTree = "<group>";
		};
		529FB6E81FDA94A00080E0E6 /* Swoosh */ = {
			isa = PBXGroup;
			children = (
				525B6770200F880900D8A631 /* Model */,
				521E195E1FDAC50F00204F89 /* View */,
				525B6771200F881400D8A631 /* Controller */,
				521E195D1FDA967100204F89 /* Storyboards */,
				521E195C1FDA963D00204F89 /* Supporting Files */,
				529FB6F51FDA94A00080E0E6 /* Info.plist */,
			);
			path = Swoosh;
			sourceTree = "<group>";
		};
/* End PBXGroup section */

/* Begin PBXNativeTarget section */
		529FB6E51FDA94A00080E0E6 /* Swoosh */ = {
			isa = PBXNativeTarget;
			buildConfigurationList = 529FB6F81FDA94A00080E0E6 /* Build configuration list for PBXNativeTarget "Swoosh" */;
			buildPhases = (
				529FB6E21FDA94A00080E0E6 /* Sources */,
				529FB6E31FDA94A00080E0E6 /* Frameworks */,
				529FB6E41FDA94A00080E0E6 /* Resources */,
			);
			buildRules = (
			);
			dependencies = (
			);
			name = Swoosh;
			productName = Swoosh;
			productReference = 529FB6E61FDA94A00080E0E6 /* Swoosh.app */;
			productType = "com.apple.product-type.application";
		};
/* End PBXNativeTarget section */

/* Begin PBXProject section */
		529FB6DE1FDA94A00080E0E6 /* Project object */ = {
			isa = PBXProject;
			attributes = {
				LastSwiftUpdateCheck = 0920;
				LastUpgradeCheck = 0920;
				ORGANIZATIONNAME = John;
				TargetAttributes = {
					529FB6E51FDA94A00080E0E6 = {
						CreatedOnToolsVersion = 9.2;
						ProvisioningStyle = Automatic;
					};
				};
			};
			buildConfigurationList = 529FB6E11FDA94A00080E0E6 /* Build configuration list for PBXProject "Swoosh" */;
			compatibilityVersion = "Xcode 8.0";
			developmentRegion = en;
			hasScannedForEncodings = 0;
			knownRegions = (
				en,
				Base,
			);
			mainGroup = 529FB6DD1FDA94A00080E0E6;
			productRefGroup = 529FB6E71FDA94A00080E0E6 /* Products */;
			projectDirPath = "";
			projectRoot = "";
			targets = (
				529FB6E51FDA94A00080E0E6 /* Swoosh */,
			);
		};
/* End PBXProject section */

/* Begin PBXResourcesBuildPhase section */
		529FB6E41FDA94A00080E0E6 /* Resources */ = {
			isa = PBXResourcesBuildPhase;
			buildActionMask = 2147483647;
			files = (
				529FB6F41FDA94A00080E0E6 /* LaunchScreen.storyboard in Resources */,
				529FB6F11FDA94A00080E0E6 /* Assets.xcassets in Resources */,
				529FB6EF1FDA94A00080E0E6 /* Main.storyboard in Resources */,
			);
			runOnlyForDeploymentPostprocessing = 0;
		};
/* End PBXResourcesBuildPhase section */

/* Begin PBXSourcesBuildPhase section */
		529FB6E21FDA94A00080E0E6 /* Sources */ = {
			isa = PBXSourcesBuildPhase;
			buildActionMask = 2147483647;
			files = (
				529FB6EC1FDA94A00080E0E6 /* WelcomeVC.swift in Sources */,
				525B6773200F8C1A00D8A631 /* LeagueVC.swift in Sources */,
				529FB6EA1FDA94A00080E0E6 /* AppDelegate.swift in Sources */,
				525B6775200F8C4D00D8A631 /* SkillVC.swift in Sources */,
				52B0E7C92057F94E0097613A /* Player.swift in Sources */,
				521E19601FDAC59F00204F89 /* BorderButton.swift in Sources */,
			);
			runOnlyForDeploymentPostprocessing = 0;
		};
/* End PBXSourcesBuildPhase section */

/* Begin PBXVariantGroup section */
		529FB6ED1FDA94A00080E0E6 /* Main.storyboard */ = {
			isa = PBXVariantGroup;
			children = (
				529FB6EE1FDA94A00080E0E6 /* Base */,
			);
			name = Main.storyboard;
			sourceTree = "<group>";
		};
		529FB6F21FDA94A00080E0E6 /* LaunchScreen.storyboard */ = {
			isa = PBXVariantGroup;
			children = (
				529FB6F31FDA94A00080E0E6 /* Base */,
			);
			name = LaunchScreen.storyboard;
			sourceTree = "<group>";
		};
/* End PBXVariantGroup section */

/* Begin XCBuildConfiguration section */
		529FB6F61FDA94A00080E0E6 /* Debug */ = {
			isa = XCBuildConfiguration;
			buildSettings = {
				ALWAYS_SEARCH_USER_PATHS = NO;
				CLANG_ANALYZER_NONNULL = YES;
				CLANG_ANALYZER_NUMBER_OBJECT_CONVERSION = YES_AGGRESSIVE;
				CLANG_CXX_LANGUAGE_STANDARD = "gnu++14";
				CLANG_CXX_LIBRARY = "libc++";
				CLANG_ENABLE_MODULES = YES;
				CLANG_ENABLE_OBJC_ARC = YES;
				CLANG_WARN_BLOCK_CAPTURE_AUTORELEASING = YES;
				CLANG_WARN_BOOL_CONVERSION = YES;
				CLANG_WARN_COMMA = YES;
				CLANG_WARN_CONSTANT_CONVERSION = YES;
				CLANG_WARN_DIRECT_OBJC_ISA_USAGE = YES_ERROR;
				CLANG_WARN_DOCUMENTATION_COMMENTS = YES;
				CLANG_WARN_EMPTY_BODY = YES;
				CLANG_WARN_ENUM_CONVERSION = YES;
				CLANG_WARN_INFINITE_RECURSION = YES;
				CLANG_WARN_INT_CONVERSION = YES;
				CLANG_WARN_NON_LITERAL_NULL_CONVERSION = YES;
				CLANG_WARN_OBJC_LITERAL_CONVERSION = YES;
				CLANG_WARN_OBJC_ROOT_CLASS = YES_ERROR;
				CLANG_WARN_RANGE_LOOP_ANALYSIS = YES;
				CLANG_WARN_STRICT_PROTOTYPES = YES;
				CLANG_WARN_SUSPICIOUS_MOVE = YES;
				CLANG_WARN_UNGUARDED_AVAILABILITY = YES_AGGRESSIVE;
				CLANG_WARN_UNREACHABLE_CODE = YES;
				CLANG_WARN__DUPLICATE_METHOD_MATCH = YES;
				CODE_SIGN_IDENTITY = "iPhone Developer";
				COPY_PHASE_STRIP = NO;
				DEBUG_INFORMATION_FORMAT = dwarf;
				ENABLE_STRICT_OBJC_MSGSEND = YES;
				ENABLE_TESTABILITY = YES;
				GCC_C_LANGUAGE_STANDARD = gnu11;
				GCC_DYNAMIC_NO_PIC = NO;
				GCC_NO_COMMON_BLOCKS = YES;
				GCC_OPTIMIZATION_LEVEL = 0;
				GCC_PREPROCESSOR_DEFINITIONS = (
					"DEBUG=1",
					"$(inherited)",
				);
				GCC_WARN_64_TO_32_BIT_CONVERSION = YES;
				GCC_WARN_ABOUT_RETURN_TYPE = YES_ERROR;
				GCC_WARN_UNDECLARED_SELECTOR = YES;
				GCC_WARN_UNINITIALIZED_AUTOS = YES_AGGRESSIVE;
				GCC_WARN_UNUSED_FUNCTION = YES;
				GCC_WARN_UNUSED_VARIABLE = YES;
				IPHONEOS_DEPLOYMENT_TARGET = 11.2;
				MTL_ENABLE_DEBUG_INFO = YES;
				ONLY_ACTIVE_ARCH = YES;
				SDKROOT = iphoneos;
				SWIFT_ACTIVE_COMPILATION_CONDITIONS = DEBUG;
				SWIFT_OPTIMIZATION_LEVEL = "-Onone";
			};
			name = Debug;
		};
		529FB6F71FDA94A00080E0E6 /* Release */ = {
			isa = XCBuildConfiguration;
			buildSettings = {
				ALWAYS_SEARCH_USER_PATHS = NO;
				CLANG_ANALYZER_NONNULL = YES;
				CLANG_ANALYZER_NUMBER_OBJECT_CONVERSION = YES_AGGRESSIVE;
				CLANG_CXX_LANGUAGE_STANDARD = "gnu++14";
				CLANG_CXX_LIBRARY = "libc++";
				CLANG_ENABLE_MODULES = YES;
				CLANG_ENABLE_OBJC_ARC = YES;
				CLANG_WARN_BLOCK_CAPTURE_AUTORELEASING = YES;
				CLANG_WARN_BOOL_CONVERSION = YES;
				CLANG_WARN_COMMA = YES;
				CLANG_WARN_CONSTANT_CONVERSION = YES;
				CLANG_WARN_DIRECT_OBJC_ISA_USAGE = YES_ERROR;
				CLANG_WARN_DOCUMENTATION_COMMENTS = YES;
				CLANG_WARN_EMPTY_BODY = YES;
				CLANG_WARN_ENUM_CONVERSION = YES;
				CLANG_WARN_INFINITE_RECURSION = YES;
				CLANG_WARN_INT_CONVERSION = YES;
				CLANG_WARN_NON_LITERAL_NULL_CONVERSION = YES;
				CLANG_WARN_OBJC_LITERAL_CONVERSION = YES;
				CLANG_WARN_OBJC_ROOT_CLASS = YES_ERROR;
				CLANG_WARN_RANGE_LOOP_ANALYSIS = YES;
				CLANG_WARN_STRICT_PROTOTYPES = YES;
				CLANG_WARN_SUSPICIOUS_MOVE = YES;
				CLANG_WARN_UNGUARDED_AVAILABILITY = YES_AGGRESSIVE;
				CLANG_WARN_UNREACHABLE_CODE = YES;
				CLANG_WARN__DUPLICATE_METHOD_MATCH = YES;
				CODE_SIGN_IDENTITY = "iPhone Developer";
				COPY_PHASE_STRIP = NO;
				DEBUG_INFORMATION_FORMAT = "dwarf-with-dsym";
				ENABLE_NS_ASSERTIONS = NO;
				ENABLE_STRICT_OBJC_MSGSEND = YES;
				GCC_C_LANGUAGE_STANDARD = gnu11;
				GCC_NO_COMMON_BLOCKS = YES;
				GCC_WARN_64_TO_32_BIT_CONVERSION = YES;
				GCC_WARN_ABOUT_RETURN_TYPE = YES_ERROR;
				GCC_WARN_UNDECLARED_SELECTOR = YES;
				GCC_WARN_UNINITIALIZED_AUTOS = YES_AGGRESSIVE;
				GCC_WARN_UNUSED_FUNCTION = YES;
				GCC_WARN_UNUSED_VARIABLE = YES;
				IPHONEOS_DEPLOYMENT_TARGET = 11.2;
				MTL_ENABLE_DEBUG_INFO = NO;
				SDKROOT = iphoneos;
				SWIFT_OPTIMIZATION_LEVEL = "-Owholemodule";
				VALIDATE_PRODUCT = YES;
			};
			name = Release;
		};
		529FB6F91FDA94A00080E0E6 /* Debug */ = {
			isa = XCBuildConfiguration;
			buildSettings = {
				ASSETCATALOG_COMPILER_APPICON_NAME = AppIcon;
				CODE_SIGN_STYLE = Automatic;
				DEVELOPMENT_TEAM = DJ7KXY394U;
				INFOPLIST_FILE = Swoosh/Info.plist;
				LD_RUNPATH_SEARCH_PATHS = "$(inherited) @executable_path/Frameworks";
				PRODUCT_BUNDLE_IDENTIFIER = com.john.Swoosh;
				PRODUCT_NAME = "$(TARGET_NAME)";
				SWIFT_VERSION = 4.0;
				TARGETED_DEVICE_FAMILY = "1,2";
			};
			name = Debug;
		};
		529FB6FA1FDA94A00080E0E6 /* Release */ = {
			isa = XCBuildConfiguration;
			buildSettings = {
				ASSETCATALOG_COMPILER_APPICON_NAME = AppIcon;
				CODE_SIGN_STYLE = Automatic;
				DEVELOPMENT_TEAM = DJ7KXY394U;
				INFOPLIST_FILE = Swoosh/Info.plist;
				LD_RUNPATH_SEARCH_PATHS = "$(inherited) @executable_path/Frameworks";
				PRODUCT_BUNDLE_IDENTIFIER = com.john.Swoosh;
				PRODUCT_NAME = "$(TARGET_NAME)";
				SWIFT_VERSION = 4.0;
				TARGETED_DEVICE_FAMILY = "1,2";
			};
			name = Release;
		};
/* End XCBuildConfiguration section */

/* Begin XCConfigurationList section */
		529FB6E11FDA94A00080E0E6 /* Build configuration list for PBXProject "Swoosh" */ = {
			isa = XCConfigurationList;
			buildConfigurations = (
				529FB6F61FDA94A00080E0E6 /* Debug */,
				529FB6F71FDA94A00080E0E6 /* Release */,
			);
			defaultConfigurationIsVisible = 0;
			defaultConfigurationName = Release;
		};
		529FB6F81FDA94A00080E0E6 /* Build configuration list for PBXNativeTarget "Swoosh" */ = {
			isa = XCConfigurationList;
			buildConfigurations = (
				529FB6F91FDA94A00080E0E6 /* Debug */,
				529FB6FA1FDA94A00080E0E6 /* Release */,
			);
			defaultConfigurationIsVisible = 0;
			defaultConfigurationName = Release;
		};
/* End XCConfigurationList section */
	};
	rootObject = 529FB6DE1FDA94A00080E0E6 /* Project object */;
}
